<?xml version="1.0" encoding="utf-8"?>
<Project ToolsVersion="17.0" xmlns="http://schemas.microsoft.com/developer/msbuild/2003">
  <ItemGroup>
    <ClCompile Include="D:\Downloads\openal-soft-1.23.1\openal-soft-1.23.1\common\alcomplex.cpp">
      <Filter>Source Files</Filter>
    </ClCompile>
    <ClCompile Include="D:\Downloads\openal-soft-1.23.1\openal-soft-1.23.1\common\alfstream.cpp">
      <Filter>Source Files</Filter>
    </ClCompile>
    <ClCompile Include="D:\Downloads\openal-soft-1.23.1\openal-soft-1.23.1\common\almalloc.cpp">
      <Filter>Source Files</Filter>
    </ClCompile>
    <ClCompile Include="D:\Downloads\openal-soft-1.23.1\openal-soft-1.23.1\common\alstring.cpp">
      <Filter>Source Files</Filter>
    </ClCompile>
    <ClCompile Include="D:\Downloads\openal-soft-1.23.1\openal-soft-1.23.1\common\dynload.cpp">
      <Filter>Source Files</Filter>
    </ClCompile>
    <ClCompile Include="D:\Downloads\openal-soft-1.23.1\openal-soft-1.23.1\common\polyphase_resampler.cpp">
      <Filter>Source Files</Filter>
    </ClCompile>
    <ClCompile Include="D:\Downloads\openal-soft-1.23.1\openal-soft-1.23.1\common\ringbuffer.cpp">
      <Filter>Source Files</Filter>
    </ClCompile>
    <ClCompile Include="D:\Downloads\openal-soft-1.23.1\openal-soft-1.23.1\common\strutils.cpp">
      <Filter>Source Files</Filter>
    </ClCompile>
    <ClCompile Include="D:\Downloads\openal-soft-1.23.1\openal-soft-1.23.1\common\threads.cpp">
      <Filter>Source Files</Filter>
    </ClCompile>
    <ClCompile Include="D:\Downloads\openal-soft-1.23.1\openal-soft-1.23.1\al\auxeffectslot.cpp">
      <Filter>Source Files</Filter>
    </ClCompile>
    <ClCompile Include="D:\Downloads\openal-soft-1.23.1\openal-soft-1.23.1\al\buffer.cpp">
      <Filter>Source Files</Filter>
    </ClCompile>
    <ClCompile Include="D:\Downloads\openal-soft-1.23.1\openal-soft-1.23.1\al\effect.cpp">
      <Filter>Source Files</Filter>
    </ClCompile>
    <ClCompile Include="D:\Downloads\openal-soft-1.23.1\openal-soft-1.23.1\al\effects\autowah.cpp">
      <Filter>Source Files</Filter>
    </ClCompile>
    <ClCompile Include="D:\Downloads\openal-soft-1.23.1\openal-soft-1.23.1\al\effects\chorus.cpp">
      <Filter>Source Files</Filter>
    </ClCompile>
    <ClCompile Include="D:\Downloads\openal-soft-1.23.1\openal-soft-1.23.1\al\effects\compressor.cpp">
      <Filter>Source Files</Filter>
    </ClCompile>
    <ClCompile Include="D:\Downloads\openal-soft-1.23.1\openal-soft-1.23.1\al\effects\convolution.cpp">
      <Filter>Source Files</Filter>
    </ClCompile>
    <ClCompile Include="D:\Downloads\openal-soft-1.23.1\openal-soft-1.23.1\al\effects\dedicated.cpp">
      <Filter>Source Files</Filter>
    </ClCompile>
    <ClCompile Include="D:\Downloads\openal-soft-1.23.1\openal-soft-1.23.1\al\effects\distortion.cpp">
      <Filter>Source Files</Filter>
    </ClCompile>
    <ClCompile Include="D:\Downloads\openal-soft-1.23.1\openal-soft-1.23.1\al\effects\echo.cpp">
      <Filter>Source Files</Filter>
    </ClCompile>
    <ClCompile Include="D:\Downloads\openal-soft-1.23.1\openal-soft-1.23.1\al\effects\effects.cpp">
      <Filter>Source Files</Filter>
    </ClCompile>
    <ClCompile Include="D:\Downloads\openal-soft-1.23.1\openal-soft-1.23.1\al\effects\equalizer.cpp">
      <Filter>Source Files</Filter>
    </ClCompile>
    <ClCompile Include="D:\Downloads\openal-soft-1.23.1\openal-soft-1.23.1\al\effects\fshifter.cpp">
      <Filter>Source Files</Filter>
    </ClCompile>
    <ClCompile Include="D:\Downloads\openal-soft-1.23.1\openal-soft-1.23.1\al\effects\modulator.cpp">
      <Filter>Source Files</Filter>
    </ClCompile>
    <ClCompile Include="D:\Downloads\openal-soft-1.23.1\openal-soft-1.23.1\al\effects\null.cpp">
      <Filter>Source Files</Filter>
    </ClCompile>
    <ClCompile Include="D:\Downloads\openal-soft-1.23.1\openal-soft-1.23.1\al\effects\pshifter.cpp">
      <Filter>Source Files</Filter>
    </ClCompile>
    <ClCompile Include="D:\Downloads\openal-soft-1.23.1\openal-soft-1.23.1\al\effects\reverb.cpp">
      <Filter>Source Files</Filter>
    </ClCompile>
    <ClCompile Include="D:\Downloads\openal-soft-1.23.1\openal-soft-1.23.1\al\effects\vmorpher.cpp">
      <Filter>Source Files</Filter>
    </ClCompile>
    <ClCompile Include="D:\Downloads\openal-soft-1.23.1\openal-soft-1.23.1\al\error.cpp">
      <Filter>Source Files</Filter>
    </ClCompile>
    <ClCompile Include="D:\Downloads\openal-soft-1.23.1\openal-soft-1.23.1\al\event.cpp">
      <Filter>Source Files</Filter>
    </ClCompile>
    <ClCompile Include="D:\Downloads\openal-soft-1.23.1\openal-soft-1.23.1\al\extension.cpp">
      <Filter>Source Files</Filter>
    </ClCompile>
    <ClCompile Include="D:\Downloads\openal-soft-1.23.1\openal-soft-1.23.1\al\filter.cpp">
      <Filter>Source Files</Filter>
    </ClCompile>
    <ClCompile Include="D:\Downloads\openal-soft-1.23.1\openal-soft-1.23.1\al\listener.cpp">
      <Filter>Source Files</Filter>
    </ClCompile>
    <ClCompile Include="D:\Downloads\openal-soft-1.23.1\openal-soft-1.23.1\al\source.cpp">
      <Filter>Source Files</Filter>
    </ClCompile>
    <ClCompile Include="D:\Downloads\openal-soft-1.23.1\openal-soft-1.23.1\al\state.cpp">
      <Filter>Source Files</Filter>
    </ClCompile>
    <ClCompile Include="D:\Downloads\openal-soft-1.23.1\openal-soft-1.23.1\al\eax\api.cpp">
      <Filter>Source Files</Filter>
    </ClCompile>
    <ClCompile Include="D:\Downloads\openal-soft-1.23.1\openal-soft-1.23.1\al\eax\call.cpp">
      <Filter>Source Files</Filter>
    </ClCompile>
    <ClCompile Include="D:\Downloads\openal-soft-1.23.1\openal-soft-1.23.1\al\eax\exception.cpp">
      <Filter>Source Files</Filter>
    </ClCompile>
    <ClCompile Include="D:\Downloads\openal-soft-1.23.1\openal-soft-1.23.1\al\eax\fx_slot_index.cpp">
      <Filter>Source Files</Filter>
    </ClCompile>
    <ClCompile Include="D:\Downloads\openal-soft-1.23.1\openal-soft-1.23.1\al\eax\fx_slots.cpp">
      <Filter>Source Files</Filter>
    </ClCompile>
    <ClCompile Include="D:\Downloads\openal-soft-1.23.1\openal-soft-1.23.1\al\eax\globals.cpp">
      <Filter>Source Files</Filter>
    </ClCompile>
    <ClCompile Include="D:\Downloads\openal-soft-1.23.1\openal-soft-1.23.1\al\eax\utils.cpp">
      <Filter>Source Files</Filter>
    </ClCompile>
    <ClCompile Include="D:\Downloads\openal-soft-1.23.1\openal-soft-1.23.1\alc\alc.cpp">
      <Filter>Source Files</Filter>
    </ClCompile>
    <ClCompile Include="D:\Downloads\openal-soft-1.23.1\openal-soft-1.23.1\alc\alu.cpp">
      <Filter>Source Files</Filter>
    </ClCompile>
    <ClCompile Include="D:\Downloads\openal-soft-1.23.1\openal-soft-1.23.1\alc\alconfig.cpp">
      <Filter>Source Files</Filter>
    </ClCompile>
    <ClCompile Include="D:\Downloads\openal-soft-1.23.1\openal-soft-1.23.1\alc\context.cpp">
      <Filter>Source Files</Filter>
    </ClCompile>
    <ClCompile Include="D:\Downloads\openal-soft-1.23.1\openal-soft-1.23.1\alc\device.cpp">
      <Filter>Source Files</Filter>
    </ClCompile>
    <ClCompile Include="D:\Downloads\openal-soft-1.23.1\openal-soft-1.23.1\alc\effects\autowah.cpp">
      <Filter>Source Files</Filter>
    </ClCompile>
    <ClCompile Include="D:\Downloads\openal-soft-1.23.1\openal-soft-1.23.1\alc\effects\chorus.cpp">
      <Filter>Source Files</Filter>
    </ClCompile>
    <ClCompile Include="D:\Downloads\openal-soft-1.23.1\openal-soft-1.23.1\alc\effects\compressor.cpp">
      <Filter>Source Files</Filter>
    </ClCompile>
    <ClCompile Include="D:\Downloads\openal-soft-1.23.1\openal-soft-1.23.1\alc\effects\convolution.cpp">
      <Filter>Source Files</Filter>
    </ClCompile>
    <ClCompile Include="D:\Downloads\openal-soft-1.23.1\openal-soft-1.23.1\alc\effects\dedicated.cpp">
      <Filter>Source Files</Filter>
    </ClCompile>
    <ClCompile Include="D:\Downloads\openal-soft-1.23.1\openal-soft-1.23.1\alc\effects\distortion.cpp">
      <Filter>Source Files</Filter>
    </ClCompile>
    <ClCompile Include="D:\Downloads\openal-soft-1.23.1\openal-soft-1.23.1\alc\effects\echo.cpp">
      <Filter>Source Files</Filter>
    </ClCompile>
    <ClCompile Include="D:\Downloads\openal-soft-1.23.1\openal-soft-1.23.1\alc\effects\equalizer.cpp">
      <Filter>Source Files</Filter>
    </ClCompile>
    <ClCompile Include="D:\Downloads\openal-soft-1.23.1\openal-soft-1.23.1\alc\effects\fshifter.cpp">
      <Filter>Source Files</Filter>
    </ClCompile>
    <ClCompile Include="D:\Downloads\openal-soft-1.23.1\openal-soft-1.23.1\alc\effects\modulator.cpp">
      <Filter>Source Files</Filter>
    </ClCompile>
    <ClCompile Include="D:\Downloads\openal-soft-1.23.1\openal-soft-1.23.1\alc\effects\null.cpp">
      <Filter>Source Files</Filter>
    </ClCompile>
    <ClCompile Include="D:\Downloads\openal-soft-1.23.1\openal-soft-1.23.1\alc\effects\pshifter.cpp">
      <Filter>Source Files</Filter>
    </ClCompile>
    <ClCompile Include="D:\Downloads\openal-soft-1.23.1\openal-soft-1.23.1\alc\effects\reverb.cpp">
      <Filter>Source Files</Filter>
    </ClCompile>
    <ClCompile Include="D:\Downloads\openal-soft-1.23.1\openal-soft-1.23.1\alc\effects\vmorpher.cpp">
      <Filter>Source Files</Filter>
    </ClCompile>
    <ClCompile Include="D:\Downloads\openal-soft-1.23.1\openal-soft-1.23.1\alc\panning.cpp">
      <Filter>Source Files</Filter>
    </ClCompile>
    <ClCompile Include="D:\Downloads\openal-soft-1.23.1\openal-soft-1.23.1\alc\backends\base.cpp">
      <Filter>Source Files</Filter>
    </ClCompile>
    <ClCompile Include="D:\Downloads\openal-soft-1.23.1\openal-soft-1.23.1\alc\backends\loopback.cpp">
      <Filter>Source Files</Filter>
    </ClCompile>
    <ClCompile Include="D:\Downloads\openal-soft-1.23.1\openal-soft-1.23.1\alc\backends\null.cpp">
      <Filter>Source Files</Filter>
    </ClCompile>
    <ClCompile Include="D:\Downloads\openal-soft-1.23.1\openal-soft-1.23.1\alc\backends\winmm.cpp">
      <Filter>Source Files</Filter>
    </ClCompile>
    <ClCompile Include="D:\Downloads\openal-soft-1.23.1\openal-soft-1.23.1\alc\backends\dsound.cpp">
      <Filter>Source Files</Filter>
    </ClCompile>
    <ClCompile Include="D:\Downloads\openal-soft-1.23.1\openal-soft-1.23.1\alc\backends\wasapi.cpp">
      <Filter>Source Files</Filter>
    </ClCompile>
    <ClCompile Include="D:\Downloads\openal-soft-1.23.1\openal-soft-1.23.1\alc\backends\wave.cpp">
      <Filter>Source Files</Filter>
    </ClCompile>
    <ClCompile Include="D:\Downloads\openal-soft-1.23.1\openal-soft-1.23.1\core\ambdec.cpp">
      <Filter>Source Files</Filter>
    </ClCompile>
    <ClCompile Include="D:\Downloads\openal-soft-1.23.1\openal-soft-1.23.1\core\ambidefs.cpp">
      <Filter>Source Files</Filter>
    </ClCompile>
    <ClCompile Include="D:\Downloads\openal-soft-1.23.1\openal-soft-1.23.1\core\bformatdec.cpp">
      <Filter>Source Files</Filter>
    </ClCompile>
    <ClCompile Include="D:\Downloads\openal-soft-1.23.1\openal-soft-1.23.1\core\bs2b.cpp">
      <Filter>Source Files</Filter>
    </ClCompile>
    <ClCompile Include="D:\Downloads\openal-soft-1.23.1\openal-soft-1.23.1\core\bsinc_tables.cpp">
      <Filter>Source Files</Filter>
    </ClCompile>
    <ClCompile Include="D:\Downloads\openal-soft-1.23.1\openal-soft-1.23.1\core\buffer_storage.cpp">
      <Filter>Source Files</Filter>
    </ClCompile>
    <ClCompile Include="D:\Downloads\openal-soft-1.23.1\openal-soft-1.23.1\core\context.cpp">
      <Filter>Source Files</Filter>
    </ClCompile>
    <ClCompile Include="D:\Downloads\openal-soft-1.23.1\openal-soft-1.23.1\core\converter.cpp">
      <Filter>Source Files</Filter>
    </ClCompile>
    <ClCompile Include="D:\Downloads\openal-soft-1.23.1\openal-soft-1.23.1\core\cpu_caps.cpp">
      <Filter>Source Files</Filter>
    </ClCompile>
    <ClCompile Include="D:\Downloads\openal-soft-1.23.1\openal-soft-1.23.1\core\cubic_tables.cpp">
      <Filter>Source Files</Filter>
    </ClCompile>
    <ClCompile Include="D:\Downloads\openal-soft-1.23.1\openal-soft-1.23.1\core\devformat.cpp">
      <Filter>Source Files</Filter>
    </ClCompile>
    <ClCompile Include="D:\Downloads\openal-soft-1.23.1\openal-soft-1.23.1\core\device.cpp">
      <Filter>Source Files</Filter>
    </ClCompile>
    <ClCompile Include="D:\Downloads\openal-soft-1.23.1\openal-soft-1.23.1\core\effectslot.cpp">
      <Filter>Source Files</Filter>
    </ClCompile>
    <ClCompile Include="D:\Downloads\openal-soft-1.23.1\openal-soft-1.23.1\core\except.cpp">
      <Filter>Source Files</Filter>
    </ClCompile>
    <ClCompile Include="D:\Downloads\openal-soft-1.23.1\openal-soft-1.23.1\core\filters\biquad.cpp">
      <Filter>Source Files</Filter>
    </ClCompile>
    <ClCompile Include="D:\Downloads\openal-soft-1.23.1\openal-soft-1.23.1\core\filters\nfc.cpp">
      <Filter>Source Files</Filter>
    </ClCompile>
    <ClCompile Include="D:\Downloads\openal-soft-1.23.1\openal-soft-1.23.1\core\filters\splitter.cpp">
      <Filter>Source Files</Filter>
    </ClCompile>
    <ClCompile Include="D:\Downloads\openal-soft-1.23.1\openal-soft-1.23.1\core\fmt_traits.cpp">
      <Filter>Source Files</Filter>
    </ClCompile>
    <ClCompile Include="D:\Downloads\openal-soft-1.23.1\openal-soft-1.23.1\core\fpu_ctrl.cpp">
      <Filter>Source Files</Filter>
    </ClCompile>
    <ClCompile Include="D:\Downloads\openal-soft-1.23.1\openal-soft-1.23.1\core\helpers.cpp">
      <Filter>Source Files</Filter>
    </ClCompile>
    <ClCompile Include="D:\Downloads\openal-soft-1.23.1\openal-soft-1.23.1\core\hrtf.cpp">
      <Filter>Source Files</Filter>
    </ClCompile>
    <ClCompile Include="D:\Downloads\openal-soft-1.23.1\openal-soft-1.23.1\core\logging.cpp">
      <Filter>Source Files</Filter>
    </ClCompile>
    <ClCompile Include="D:\Downloads\openal-soft-1.23.1\openal-soft-1.23.1\core\mastering.cpp">
      <Filter>Source Files</Filter>
    </ClCompile>
    <ClCompile Include="D:\Downloads\openal-soft-1.23.1\openal-soft-1.23.1\core\mixer.cpp">
      <Filter>Source Files</Filter>
    </ClCompile>
    <ClCompile Include="D:\Downloads\openal-soft-1.23.1\openal-soft-1.23.1\core\uhjfilter.cpp">
      <Filter>Source Files</Filter>
    </ClCompile>
    <ClCompile Include="D:\Downloads\openal-soft-1.23.1\openal-soft-1.23.1\core\uiddefs.cpp">
      <Filter>Source Files</Filter>
    </ClCompile>
    <ClCompile Include="D:\Downloads\openal-soft-1.23.1\openal-soft-1.23.1\core\voice.cpp">
      <Filter>Source Files</Filter>
    </ClCompile>
    <ClCompile Include="D:\Downloads\openal-soft-1.23.1\openal-soft-1.23.1\core\mixer\mixer_c.cpp">
      <Filter>Source Files</Filter>
    </ClCompile>
    <ClCompile Include="D:\Downloads\openal-soft-1.23.1\openal-soft-1.23.1\core\mixer\mixer_sse.cpp">
      <Filter>Source Files</Filter>
    </ClCompile>
    <ClCompile Include="D:\Downloads\openal-soft-1.23.1\openal-soft-1.23.1\core\mixer\mixer_sse2.cpp">
      <Filter>Source Files</Filter>
    </ClCompile>
    <ClCompile Include="D:\Downloads\openal-soft-1.23.1\openal-soft-1.23.1\core\mixer\mixer_sse3.cpp">
      <Filter>Source Files</Filter>
    </ClCompile>
    <ClCompile Include="D:\Downloads\openal-soft-1.23.1\openal-soft-1.23.1\core\mixer\mixer_sse41.cpp">
      <Filter>Source Files</Filter>
    </ClCompile>
  </ItemGroup>
  <ItemGroup>
    <ClInclude Include="D:\Downloads\openal-soft-1.23.1\openal-soft-1.23.1\common\albit.h">
      <Filter>Header Files</Filter>
    </ClInclude>
    <ClInclude Include="D:\Downloads\openal-soft-1.23.1\openal-soft-1.23.1\common\albyte.h">
      <Filter>Header Files</Filter>
    </ClInclude>
    <ClInclude Include="D:\Downloads\openal-soft-1.23.1\openal-soft-1.23.1\common\alcomplex.h">
      <Filter>Header Files</Filter>
    </ClInclude>
    <ClInclude Include="D:\Downloads\openal-soft-1.23.1\openal-soft-1.23.1\common\aldeque.h">
      <Filter>Header Files</Filter>
    </ClInclude>
    <ClInclude Include="D:\Downloads\openal-soft-1.23.1\openal-soft-1.23.1\common\alfstream.h">
      <Filter>Header Files</Filter>
    </ClInclude>
    <ClInclude Include="D:\Downloads\openal-soft-1.23.1\openal-soft-1.23.1\common\almalloc.h">
      <Filter>Header Files</Filter>
    </ClInclude>
    <ClInclude Include="D:\Downloads\openal-soft-1.23.1\openal-soft-1.23.1\common\alnumbers.h">
      <Filter>Header Files</Filter>
    </ClInclude>
    <ClInclude Include="D:\Downloads\openal-soft-1.23.1\openal-soft-1.23.1\common\alnumeric.h">
      <Filter>Header Files</Filter>
    </ClInclude>
    <ClInclude Include="D:\Downloads\openal-soft-1.23.1\openal-soft-1.23.1\common\aloptional.h">
      <Filter>Header Files</Filter>
    </ClInclude>
    <ClInclude Include="D:\Downloads\openal-soft-1.23.1\openal-soft-1.23.1\common\alspan.h">
      <Filter>Header Files</Filter>
    </ClInclude>
    <ClInclude Include="D:\Downloads\openal-soft-1.23.1\openal-soft-1.23.1\common\alstring.h">
      <Filter>Header Files</Filter>
    </ClInclude>
    <ClInclude Include="D:\Downloads\openal-soft-1.23.1\openal-soft-1.23.1\common\altraits.h">
      <Filter>Header Files</Filter>
    </ClInclude>
    <ClInclude Include="D:\Downloads\openal-soft-1.23.1\openal-soft-1.23.1\common\atomic.h">
      <Filter>Header Files</Filter>
    </ClInclude>
    <ClInclude Include="D:\Downloads\openal-soft-1.23.1\openal-soft-1.23.1\common\comptr.h">
      <Filter>Header Files</Filter>
    </ClInclude>
    <ClInclude Include="D:\Downloads\openal-soft-1.23.1\openal-soft-1.23.1\common\dynload.h">
      <Filter>Header Files</Filter>
    </ClInclude>
    <ClInclude Include="D:\Downloads\openal-soft-1.23.1\openal-soft-1.23.1\common\intrusive_ptr.h">
      <Filter>Header Files</Filter>
    </ClInclude>
    <ClInclude Include="D:\Downloads\openal-soft-1.23.1\openal-soft-1.23.1\common\opthelpers.h">
      <Filter>Header Files</Filter>
    </ClInclude>
    <ClInclude Include="D:\Downloads\openal-soft-1.23.1\openal-soft-1.23.1\common\phase_shifter.h">
      <Filter>Header Files</Filter>
    </ClInclude>
    <ClInclude Include="D:\Downloads\openal-soft-1.23.1\openal-soft-1.23.1\common\polyphase_resampler.h">
      <Filter>Header Files</Filter>
    </ClInclude>
    <ClInclude Include="D:\Downloads\openal-soft-1.23.1\openal-soft-1.23.1\common\pragmadefs.h">
      <Filter>Header Files</Filter>
    </ClInclude>
    <ClInclude Include="D:\Downloads\openal-soft-1.23.1\openal-soft-1.23.1\common\ringbuffer.h">
      <Filter>Header Files</Filter>
    </ClInclude>
    <ClInclude Include="D:\Downloads\openal-soft-1.23.1\openal-soft-1.23.1\common\strutils.h">
      <Filter>Header Files</Filter>
    </ClInclude>
    <ClInclude Include="D:\Downloads\openal-soft-1.23.1\openal-soft-1.23.1\common\threads.h">
      <Filter>Header Files</Filter>
    </ClInclude>
    <ClInclude Include="D:\Downloads\openal-soft-1.23.1\openal-soft-1.23.1\common\vecmat.h">
      <Filter>Header Files</Filter>
    </ClInclude>
    <ClInclude Include="D:\Downloads\openal-soft-1.23.1\openal-soft-1.23.1\common\vector.h">
      <Filter>Header Files</Filter>
    </ClInclude>
    <ClInclude Include="D:\Downloads\openal-soft-1.23.1\openal-soft-1.23.1\al\auxeffectslot.h">
      <Filter>Header Files</Filter>
    </ClInclude>
    <ClInclude Include="D:\Downloads\openal-soft-1.23.1\openal-soft-1.23.1\al\buffer.h">
      <Filter>Header Files</Filter>
    </ClInclude>
    <ClInclude Include="D:\Downloads\openal-soft-1.23.1\openal-soft-1.23.1\al\effect.h">
      <Filter>Header Files</Filter>
    </ClInclude>
    <ClInclude Include="D:\Downloads\openal-soft-1.23.1\openal-soft-1.23.1\al\effects\effects.h">
      <Filter>Header Files</Filter>
    </ClInclude>
    <ClInclude Include="D:\Downloads\openal-soft-1.23.1\openal-soft-1.23.1\al\event.h">
      <Filter>Header Files</Filter>
    </ClInclude>
    <ClInclude Include="D:\Downloads\openal-soft-1.23.1\openal-soft-1.23.1\al\filter.h">
      <Filter>Header Files</Filter>
    </ClInclude>
    <ClInclude Include="D:\Downloads\openal-soft-1.23.1\openal-soft-1.23.1\al\listener.h">
      <Filter>Header Files</Filter>
    </ClInclude>
    <ClInclude Include="D:\Downloads\openal-soft-1.23.1\openal-soft-1.23.1\al\source.h">
      <Filter>Header Files</Filter>
    </ClInclude>
    <ClInclude Include="D:\Downloads\openal-soft-1.23.1\openal-soft-1.23.1\al\eax\api.h">
      <Filter>Header Files</Filter>
    </ClInclude>
    <ClInclude Include="D:\Downloads\openal-soft-1.23.1\openal-soft-1.23.1\al\eax\call.h">
      <Filter>Header Files</Filter>
    </ClInclude>
    <ClInclude Include="D:\Downloads\openal-soft-1.23.1\openal-soft-1.23.1\al\eax\effect.h">
      <Filter>Header Files</Filter>
    </ClInclude>
    <ClInclude Include="D:\Downloads\openal-soft-1.23.1\openal-soft-1.23.1\al\eax\exception.h">
      <Filter>Header Files</Filter>
    </ClInclude>
    <ClInclude Include="D:\Downloads\openal-soft-1.23.1\openal-soft-1.23.1\al\eax\fx_slot_index.h">
      <Filter>Header Files</Filter>
    </ClInclude>
    <ClInclude Include="D:\Downloads\openal-soft-1.23.1\openal-soft-1.23.1\al\eax\fx_slots.h">
      <Filter>Header Files</Filter>
    </ClInclude>
    <ClInclude Include="D:\Downloads\openal-soft-1.23.1\openal-soft-1.23.1\al\eax\globals.h">
      <Filter>Header Files</Filter>
    </ClInclude>
    <ClInclude Include="D:\Downloads\openal-soft-1.23.1\openal-soft-1.23.1\al\eax\utils.h">
      <Filter>Header Files</Filter>
    </ClInclude>
    <ClInclude Include="D:\Downloads\openal-soft-1.23.1\openal-soft-1.23.1\al\eax\x_ram.h">
      <Filter>Header Files</Filter>
    </ClInclude>
    <ClInclude Include="D:\Downloads\openal-soft-1.23.1\openal-soft-1.23.1\alc\alu.h">
      <Filter>Header Files</Filter>
    </ClInclude>
    <ClInclude Include="D:\Downloads\openal-soft-1.23.1\openal-soft-1.23.1\alc\alconfig.h">
      <Filter>Header Files</Filter>
    </ClInclude>
    <ClInclude Include="D:\Downloads\openal-soft-1.23.1\openal-soft-1.23.1\alc\context.h">
      <Filter>Header Files</Filter>
    </ClInclude>
    <ClInclude Include="D:\Downloads\openal-soft-1.23.1\openal-soft-1.23.1\alc\device.h">
      <Filter>Header Files</Filter>
    </ClInclude>
    <ClInclude Include="D:\Downloads\openal-soft-1.23.1\openal-soft-1.23.1\alc\effects\base.h">
      <Filter>Header Files</Filter>
    </ClInclude>
    <ClInclude Include="D:\Downloads\openal-soft-1.23.1\openal-soft-1.23.1\alc\inprogext.h">
      <Filter>Header Files</Filter>
    </ClInclude>
    <ClInclude Include="D:\Downloads\openal-soft-1.23.1\openal-soft-1.23.1\alc\backends\base.h">
      <Filter>Header Files</Filter>
    </ClInclude>
    <ClInclude Include="D:\Downloads\openal-soft-1.23.1\openal-soft-1.23.1\alc\backends\loopback.h">
      <Filter>Header Files</Filter>
    </ClInclude>
    <ClInclude Include="D:\Downloads\openal-soft-1.23.1\openal-soft-1.23.1\alc\backends\null.h">
      <Filter>Header Files</Filter>
    </ClInclude>
    <ClInclude Include="D:\Downloads\openal-soft-1.23.1\openal-soft-1.23.1\alc\backends\winmm.h">
      <Filter>Header Files</Filter>
    </ClInclude>
    <ClInclude Include="D:\Downloads\openal-soft-1.23.1\openal-soft-1.23.1\alc\backends\dsound.h">
      <Filter>Header Files</Filter>
    </ClInclude>
    <ClInclude Include="D:\Downloads\openal-soft-1.23.1\openal-soft-1.23.1\alc\backends\wasapi.h">
      <Filter>Header Files</Filter>
    </ClInclude>
    <ClInclude Include="D:\Downloads\openal-soft-1.23.1\openal-soft-1.23.1\alc\backends\wave.h">
      <Filter>Header Files</Filter>
    </ClInclude>
    <ClInclude Include="D:\Downloads\openal-soft-1.23.1\openal-soft-1.23.1\core\ambdec.h">
      <Filter>Header Files</Filter>
    </ClInclude>
    <ClInclude Include="D:\Downloads\openal-soft-1.23.1\openal-soft-1.23.1\core\ambidefs.h">
      <Filter>Header Files</Filter>
    </ClInclude>
    <ClInclude Include="D:\Downloads\openal-soft-1.23.1\openal-soft-1.23.1\core\async_event.h">
      <Filter>Header Files</Filter>
    </ClInclude>
    <ClInclude Include="D:\Downloads\openal-soft-1.23.1\openal-soft-1.23.1\core\bformatdec.h">
      <Filter>Header Files</Filter>
    </ClInclude>
    <ClInclude Include="D:\Downloads\openal-soft-1.23.1\openal-soft-1.23.1\core\bs2b.h">
      <Filter>Header Files</Filter>
    </ClInclude>
    <ClInclude Include="D:\Downloads\openal-soft-1.23.1\openal-soft-1.23.1\core\bsinc_defs.h">
      <Filter>Header Files</Filter>
    </ClInclude>
    <ClInclude Include="D:\Downloads\openal-soft-1.23.1\openal-soft-1.23.1\core\bsinc_tables.h">
      <Filter>Header Files</Filter>
    </ClInclude>
    <ClInclude Include="D:\Downloads\openal-soft-1.23.1\openal-soft-1.23.1\core\bufferline.h">
      <Filter>Header Files</Filter>
    </ClInclude>
    <ClInclude Include="D:\Downloads\openal-soft-1.23.1\openal-soft-1.23.1\core\buffer_storage.h">
      <Filter>Header Files</Filter>
    </ClInclude>
    <ClInclude Include="D:\Downloads\openal-soft-1.23.1\openal-soft-1.23.1\core\context.h">
      <Filter>Header Files</Filter>
    </ClInclude>
    <ClInclude Include="D:\Downloads\openal-soft-1.23.1\openal-soft-1.23.1\core\converter.h">
      <Filter>Header Files</Filter>
    </ClInclude>
    <ClInclude Include="D:\Downloads\openal-soft-1.23.1\openal-soft-1.23.1\core\cpu_caps.h">
      <Filter>Header Files</Filter>
    </ClInclude>
    <ClInclude Include="D:\Downloads\openal-soft-1.23.1\openal-soft-1.23.1\core\cubic_defs.h">
      <Filter>Header Files</Filter>
    </ClInclude>
    <ClInclude Include="D:\Downloads\openal-soft-1.23.1\openal-soft-1.23.1\core\cubic_tables.h">
      <Filter>Header Files</Filter>
    </ClInclude>
    <ClInclude Include="D:\Downloads\openal-soft-1.23.1\openal-soft-1.23.1\core\devformat.h">
      <Filter>Header Files</Filter>
    </ClInclude>
    <ClInclude Include="D:\Downloads\openal-soft-1.23.1\openal-soft-1.23.1\core\device.h">
      <Filter>Header Files</Filter>
    </ClInclude>
    <ClInclude Include="D:\Downloads\openal-soft-1.23.1\openal-soft-1.23.1\core\effects\base.h">
      <Filter>Header Files</Filter>
    </ClInclude>
    <ClInclude Include="D:\Downloads\openal-soft-1.23.1\openal-soft-1.23.1\core\effectslot.h">
      <Filter>Header Files</Filter>
    </ClInclude>
    <ClInclude Include="D:\Downloads\openal-soft-1.23.1\openal-soft-1.23.1\core\except.h">
      <Filter>Header Files</Filter>
    </ClInclude>
    <ClInclude Include="D:\Downloads\openal-soft-1.23.1\openal-soft-1.23.1\core\filters\biquad.h">
      <Filter>Header Files</Filter>
    </ClInclude>
    <ClInclude Include="D:\Downloads\openal-soft-1.23.1\openal-soft-1.23.1\core\filters\nfc.h">
      <Filter>Header Files</Filter>
    </ClInclude>
    <ClInclude Include="D:\Downloads\openal-soft-1.23.1\openal-soft-1.23.1\core\filters\splitter.h">
      <Filter>Header Files</Filter>
    </ClInclude>
    <ClInclude Include="D:\Downloads\openal-soft-1.23.1\openal-soft-1.23.1\core\fmt_traits.h">
      <Filter>Header Files</Filter>
    </ClInclude>
    <ClInclude Include="D:\Downloads\openal-soft-1.23.1\openal-soft-1.23.1\core\fpu_ctrl.h">
      <Filter>Header Files</Filter>
    </ClInclude>
    <ClInclude Include="D:\Downloads\openal-soft-1.23.1\openal-soft-1.23.1\core\front_stablizer.h">
      <Filter>Header Files</Filter>
    </ClInclude>
    <ClInclude Include="D:\Downloads\openal-soft-1.23.1\openal-soft-1.23.1\core\helpers.h">
      <Filter>Header Files</Filter>
    </ClInclude>
    <ClInclude Include="D:\Downloads\openal-soft-1.23.1\openal-soft-1.23.1\core\hrtf.h">
      <Filter>Header Files</Filter>
    </ClInclude>
    <ClInclude Include="D:\Downloads\openal-soft-1.23.1\openal-soft-1.23.1\core\logging.h">
      <Filter>Header Files</Filter>
    </ClInclude>
    <ClInclude Include="D:\Downloads\openal-soft-1.23.1\openal-soft-1.23.1\core\mastering.h">
      <Filter>Header Files</Filter>
    </ClInclude>
    <ClInclude Include="D:\Downloads\openal-soft-1.23.1\openal-soft-1.23.1\core\mixer.h">
      <Filter>Header Files</Filter>
    </ClInclude>
    <ClInclude Include="D:\Downloads\openal-soft-1.23.1\openal-soft-1.23.1\core\resampler_limits.h">
      <Filter>Header Files</Filter>
    </ClInclude>
    <ClInclude Include="D:\Downloads\openal-soft-1.23.1\openal-soft-1.23.1\core\uhjfilter.h">
      <Filter>Header Files</Filter>
    </ClInclude>
    <ClInclude Include="D:\Downloads\openal-soft-1.23.1\openal-soft-1.23.1\core\voice.h">
      <Filter>Header Files</Filter>
    </ClInclude>
    <ClInclude Include="D:\Downloads\openal-soft-1.23.1\openal-soft-1.23.1\core\voice_change.h">
      <Filter>Header Files</Filter>
    </ClInclude>
    <ClInclude Include="D:\Downloads\openal-soft-1.23.1\openal-soft-1.23.1\core\mixer\defs.h">
      <Filter>Header Files</Filter>
    </ClInclude>
    <ClInclude Include="D:\Downloads\openal-soft-1.23.1\openal-soft-1.23.1\core\mixer\hrtfbase.h">
      <Filter>Header Files</Filter>
    </ClInclude>
    <ClInclude Include="D:\Downloads\openal-soft-1.23.1\openal-soft-1.23.1\core\mixer\hrtfdefs.h">
      <Filter>Header Files</Filter>
    </ClInclude>
  </ItemGroup>
  <ItemGroup>
    <CustomBuild Include="D:\Downloads\openal-soft-1.23.1\openal-soft-1.23.1\CMakeFiles\991a41accecbbaf844f43d27f79d2aa8\default_hrtf.txt.rule">
      <Filter>CMake Rules</Filter>
    </CustomBuild>
    <CustomBuild Include="D:\Downloads\openal-soft-1.23.1\openal-soft-1.23.1\CMakeLists.txt" />
  </ItemGroup>
  <ItemGroup>
    <None Include="D:\Downloads\openal-soft-1.23.1\openal-soft-1.23.1\default_hrtf.txt" />
  </ItemGroup>
  <ItemGroup>
    <Filter Include="CMake Rules">
      <UniqueIdentifier>{82D89BF1-61C8-3F86-90B7-3077866DDA87}</UniqueIdentifier>
    </Filter>
    <Filter Include="Header Files">
      <UniqueIdentifier>{41682B9C-6500-3315-A1D6-5CC1E9809A92}</UniqueIdentifier>
    </Filter>
    <Filter Include="Source Files">
      <UniqueIdentifier>{4555BD95-9860-31D4-B9FA-37A297D7CBBC}</UniqueIdentifier>
    </Filter>
  </ItemGroup>
</Project>
